
Microsoft Visual Studio Solution File, Format Version 12.00
# Visual Studio Version 17
VisualStudioVersion = 17.5.33530.505
MinimumVisualStudioVersion = 10.0.40219.1
Project("{888888A0-9F3D-457C-B088-3A5042F75D52}") = "ConsumerPY", "ConsumerPY\ConsumerPY.pyproj", "{94AFC9EE-C974-4EB6-9D0F-971DAFAD8773}"
EndProject
Global
	GlobalSection(SolutionConfigurationPlatforms) = preSolution
		Debug|Any CPU = Debug|Any CPU
		Release|Any CPU = Release|Any CPU
	EndGlobalSection
	GlobalSection(ProjectConfigurationPlatforms) = postSolution
		{94AFC9EE-C974-4EB6-9D0F-971DAFAD8773}.Debug|Any CPU.ActiveCfg = Debug|Any CPU
		{94AFC9EE-C974-4EB6-9D0F-971DAFAD8773}.Release|Any CPU.ActiveCfg = Release|Any CPU
	EndGlobalSection
	GlobalSection(SolutionProperties) = preSolution
		HideSolutionNode = FALSE
	EndGlobalSection
	GlobalSection(ExtensibilityGlobals) = postSolution
		SolutionGuid = {D4F4D05C-8D06-4A4D-8DBB-84764FE576F0}
	EndGlobalSection
EndGlobal
